{
  "version": "5",
  "specifiers": {
    "npm:@codemirror/commands@^6.11.0": "6.11.0",
    "npm:@codemirror/language@^6.12.4": "6.12.4",
    "npm:@codemirror/legacy-modes@^6.5.3": "6.5.3",
    "npm:@codemirror/merge@^6.12.2": "6.12.2",
    "npm:@codemirror/state@^6.7.1": "6.7.1",
    "npm:@codemirror/view@^6.43.9": "6.43.9",
    "npm:@tailwindcss/cli@4.3.0": "4.3.0",
    "npm:alpinejs@*": "3.16.3",
    "npm:alpinejs@^3.16.3": "3.16.3",
    "npm:choices.js@*": "11.2.4",
    "npm:choices.js@^11.2.4": "11.2.4",
    "npm:codemirror@^6.0.2": "6.0.2",
    "npm:daisyui@^5.7.22": "5.7.22",
    "npm:driver.js@*": "1.8.0",
    "npm:driver.js@^1.8.0": "1.8.0",
    "npm:fuse.js@*": "7.5.0",
    "npm:fuse.js@^7.5.0": "7.5.0",
    "npm:highlight-search-term@*": "1.0.3",
    "npm:highlight-search-term@^1.0.3": "1.0.3",
    "npm:htmx.org@4": "4.0.0",
    "npm:htmx.org@4.0.0": "4.0.0",
    "npm:sortablejs@*": "1.15.7",
    "npm:sortablejs@^1.15.7": "1.15.7",
    "npm:sweetalert2@*": "11.26.25",
    "npm:sweetalert2@^11.26.25": "11.26.25",
    "npm:tailwindcss@4.3.0": "4.3.0"
  },
  "npm": {
    "@codemirror/autocomplete@6.20.3": {
      "integrity": "sha512-tlosUqb+3BbxCxZdu4tKeRghPFC+QM7q4X5YhKV2eCmPG+1r2F3f4AaSz5sCrFqUtX4Jh20VFTKecl16MgiV9g==",
      "dependencies": [
        "@codemirror/language",
        "@codemirror/state",
        "@codemirror/view",
        "@lezer/common"
      ]
    },
    "@codemirror/commands@6.11.0": {
      "integrity": "sha512-/K4Rl5BN0OtTiPWmJCdqODu38XnDMsDxKY5rgrPnCkutPTJf2wVbkoixLfealF5Kwse/s8P8M5jAiURiwSwnFA==",
      "dependencies": [
        "@codemirror/language",
        "@codemirror/state",
        "@codemirror/view",
        "@lezer/common"
      ]
    },
    "@codemirror/language@6.12.4": {
      "integrity": "sha512-1q4PaT+o6PbgpkJt4Q8Fv5XJxTy4FUZ4MWETtyiDw3J0Pyr9E2vqcKL+k9wcvjNTIsauxvE7OfmWj3FRPHQ76A==",
      "dependencies": [
        "@codemirror/state",
        "@codemirror/view",
        "@lezer/common",
        "@lezer/highlight",
        "@lezer/lr",
        "style-mod"
      ]
    },
    "@codemirror/legacy-modes@6.5.3": {
      "integrity": "sha512-xCsmIzH78MyWkib9jlPaaun57XNkfbMIhagfaZVd0iLTqlpw3jXaIcbZm72MTmmn64eTZpBVNjbyYh+QXnxRsg==",
      "dependencies": [
        "@codemirror/language"
      ]
    },
    "@codemirror/lint@6.9.7": {
      "integrity": "sha512-28/+iWLYxKxsvGYhSYL7zaCZqLz5+FFFDq9tVsvGv9kv8RY4fFAchJ5WX9M3YrrRlTIsECjsXPqeNgnSmNP2dg==",
      "dependencies": [
        "@codemirror/state",
        "@codemirror/view",
        "crelt"
      ]
    },
    "@codemirror/merge@6.12.2": {
      "integrity": "sha512-V8JvyAPjHbPupqP7BeMcsdsYCbyPij74jxIbaIJDORI+VZzW44zFmon8bF+oxGWvOKhcRmkiUMXd8MxHr3YA2w==",
      "dependencies": [
        "@codemirror/language",
        "@codemirror/state",
        "@codemirror/view",
        "@lezer/highlight",
        "style-mod"
      ]
    },
    "@codemirror/search@6.7.1": {
      "integrity": "sha512-uMe5UO6PamJtSHrXhhHOzSX3ReWtiJrva6GnPMwSOrZtiExb5X5eExhr2OUZQVvdxPsKpY3Ro2mFbQadpPWmHA==",
      "dependencies": [
        "@codemirror/state",
        "@codemirror/view",
        "crelt"
      ]
    },
    "@codemirror/state@6.7.1": {
      "integrity": "sha512-9QzNDgE4EYDnAHfrTlR2lwiPciiOymLtwKK+8yHQzCc7GXhAP9xdEbEJFy2IWB1j9UGUl9BsgMmTo/ImA02T7A==",
      "dependencies": [
        "@marijn/find-cluster-break"
      ]
    },
    "@codemirror/view@6.43.9": {
      "integrity": "sha512-sTuUzTpPMFebRhg6dawChoKKgndIwfjmJgKVxBefPElcU2NwQ6AFroupk0SFqEerQyZOGRfDNnSN8Dw/lMAsXw==",
      "dependencies": [
        "@codemirror/state",
        "crelt",
        "style-mod",
        "w3c-keyname"
      ]
    },
    "@jridgewell/gen-mapping@0.3.13": {
      "integrity": "sha512-2kkt/7niJ6MgEPxF0bYdQ6etZaA+fQvDcLKckhy1yIQOzaoKjBBjSj63/aLVjYE3qhRt5dvM+uUyfCg6UKCBbA==",
      "dependencies": [
        "@jridgewell/sourcemap-codec",
        "@jridgewell/trace-mapping"
      ]
    },
    "@jridgewell/remapping@2.3.5": {
      "integrity": "sha512-LI9u/+laYG4Ds1TDKSJW2YPrIlcVYOwi2fUC6xB43lueCjgxV4lffOCZCtYFiH6TNOX+tQKXx97T4IKHbhyHEQ==",
      "dependencies": [
        "@jridgewell/gen-mapping",
        "@jridgewell/trace-mapping"
      ]
    },
    "@jridgewell/resolve-uri@3.1.2": {
      "integrity": "sha512-bRISgCIjP20/tbWSPWMEi54QVPRZExkuD9lJL+UIxUKtwVJA8wW1Trb1jMs1RFXo1CBTNZ/5hpC9QvmKWdopKw=="
    },
    "@jridgewell/sourcemap-codec@1.5.5": {
      "integrity": "sha512-cYQ9310grqxueWbl+WuIUIaiUaDcj7WOq5fVhEljNVgRfOUhY9fy2zTvfoqWsnebh8Sl70VScFbICvJnLKB0Og=="
    },
    "@jridgewell/trace-mapping@0.3.31": {
      "integrity": "sha512-zzNR+SdQSDJzc8joaeP8QQoCQr8NuYx2dIIytl1QeBEZHJ9uW6hebsrYgbz8hJwUQao3TWCMtmfV8Nu1twOLAw==",
      "dependencies": [
        "@jridgewell/resolve-uri",
        "@jridgewell/sourcemap-codec"
      ]
    },
    "@lezer/common@1.5.2": {
      "integrity": "sha512-sxQE460fPZyU3sdc8lafxiPwJHBzZRy/udNFynGQky1SePYBdhkBl1kOagA9uT3pxR8K09bOrmTUqA9wb/PjSQ=="
    },
    "@lezer/highlight@1.2.3": {
      "integrity": "sha512-qXdH7UqTvGfdVBINrgKhDsVTJTxactNNxLk7+UMwZhU13lMHaOBlJe9Vqp907ya56Y3+ed2tlqzys7jDkTmW0g==",
      "dependencies": [
        "@lezer/common"
      ]
    },
    "@lezer/lr@1.4.10": {
      "integrity": "sha512-rnCpTIBafOx4mRp43xOxDJbFipJm/c0cia/V5TiGlhmMa+wsSdoGmUN3w5Bqrks/09Q/D4tNAmWaT8p6NRi77A==",
      "dependencies": [
        "@lezer/common"
      ]
    },
    "@marijn/find-cluster-break@1.0.4": {
      "integrity": "sha512-Wy0V7+SGUjnF9/TkiM1hKVDPj7jKXduPNboMVtHTA8dySMURWqfg/JZ9E2Sq8JgSJmkl7k7Qe9FLeMSrSraWmQ=="
    },
    "@parcel/watcher-android-arm64@2.6.0": {
      "integrity": "sha512-trgpLSCKRC/huFjXX/Smh+0sWe4+YtKfktIToiMl59ghz7z+qkH6kMvNnUbLyRs9N11t8l4svSCs1+5B3rOAhA==",
      "os": ["android"],
      "cpu": ["arm64"]
    },
    "@parcel/watcher-darwin-arm64@2.6.0": {
      "integrity": "sha512-Y3QV0gl7Q1zbfueunkWIERICbEojQFCgpyG7YqOGNFLsckXyI1xu9mAIUpKY9QBYzBtSkN8dBPwd3yiAO9ovMw==",
      "os": ["darwin"],
      "cpu": ["arm64"]
    },
    "@parcel/watcher-darwin-x64@2.6.0": {
      "integrity": "sha512-Ohv6OpzhUfKYD7Beb8kDvG0jbIxORCYY1JRdZnaBtnjjkJxgD7ZVL0nw2sCYd0yTMKTvz3nnTnOF3cDifK+kvw==",
      "os": ["darwin"],
      "cpu": ["x64"]
    },
    "@parcel/watcher-freebsd-x64@2.6.0": {
      "integrity": "sha512-5HmXvDgs8VK+74jF9y9/2FE3/OnlcKmc56tjmSrEuZjpSZOGL+fvAu+HKJBdPs9uwoP2hE6TlSUpXZ/C5jUFmQ==",
      "os": ["freebsd"],
      "cpu": ["x64"]
    },
    "@parcel/watcher-linux-arm-glibc@2.6.0": {
      "integrity": "sha512-Ps/hui3A+vMbjdqlqAowK2ZL8+BO8dBjxeWXj6npTBs3jx4wWmbPpaLuqwrQrSqIVMCnpWo238bJ1U37GhQOYg==",
      "os": ["linux"],
      "cpu": ["arm"]
    },
    "@parcel/watcher-linux-arm-musl@2.6.0": {
      "integrity": "sha512-9c6AUHgHoG+IY88MRIHupztQiQnrbqHYQjkM2btA+Bf/wQnQMuiD0Wfk1EVv3TlNT3x41uU71rn6E4xh/+zvkw==",
      "os": ["linux"],
      "cpu": ["arm"]
    },
    "@parcel/watcher-linux-arm64-glibc@2.6.0": {
      "integrity": "sha512-yHRqS2owEXe6Hic9z6Mh1ECsCd+ODVOGvZDyciqRd21+v+o+DnXMOrw50DSpIG2sb8GPEaPPmfeCAWKPJdq46g==",
      "os": ["linux"],
      "cpu": ["arm64"]
    },
    "@parcel/watcher-linux-arm64-musl@2.6.0": {
      "integrity": "sha512-WhB2e/V7rqdHHWZusBSPuy5Ei8S6lSz6FE5TKKQz5h3a0O+C+mhY7vxU9b/stqvMb8beLnPY82ZrFTLKs+SrKA==",
      "os": ["linux"],
      "cpu": ["arm64"]
    },
    "@parcel/watcher-linux-x64-glibc@2.6.0": {
      "integrity": "sha512-ulGE6x6Oz6iAwg75T8YQSoguBWasniIbX+QWpaYPcCnDOpdWX3k+4xbEYPZVLxOuoJI+svJJPD3sEj8G7lrQ3A==",
      "os": ["linux"],
      "cpu": ["x64"]
    },
    "@parcel/watcher-linux-x64-musl@2.6.0": {
      "integrity": "sha512-tkBYKt7YQrjIJWYDnto2YgO8MRkjlMTSNoRHzsXinBqbLdeOM3L32wPZJvIZxqaLMfSlS/4sUjH/6STVP/XDLw==",
      "os": ["linux"],
      "cpu": ["x64"]
    },
    "@parcel/watcher-win32-arm64@2.6.0": {
      "integrity": "sha512-gIZAP23jaHjGWasY/TY6yL7NHFClf0Ga7FN+iINvk+KN94rhm94lYZhFsbYFNcA04/onvGD9kKmiJLJB2HbNwQ==",
      "os": ["win32"],
      "cpu": ["arm64"]
    },
    "@parcel/watcher-win32-x64@2.6.0": {
      "integrity": "sha512-cA+/pXV2YkfxlIcXOQ5fSWqAzzPyD78/x5qbK/I0vUkrlYHA8TIz+MXjAbGouguKVSI4bOmkTSJ1/poVSsgt+A==",
      "os": ["win32"],
      "cpu": ["x64"]
    },
    "@parcel/watcher@2.6.0": {
      "integrity": "sha512-7FNeNl8NCE7aINx7WXiKQrPYZWC/hvrTsmk6zmxbI7LTXE7hVek/n8AfVgpe2y82zl3w0HvCHN0bVKMBoJcC0w==",
      "dependencies": [
        "detect-libc",
        "is-glob",
        "node-addon-api",
        "picomatch"
      ],
      "optionalDependencies": [
        "@parcel/watcher-android-arm64",
        "@parcel/watcher-darwin-arm64",
        "@parcel/watcher-darwin-x64",
        "@parcel/watcher-freebsd-x64",
        "@parcel/watcher-linux-arm-glibc",
        "@parcel/watcher-linux-arm-musl",
        "@parcel/watcher-linux-arm64-glibc",
        "@parcel/watcher-linux-arm64-musl",
        "@parcel/watcher-linux-x64-glibc",
        "@parcel/watcher-linux-x64-musl",
        "@parcel/watcher-win32-arm64",
        "@parcel/watcher-win32-x64"
      ],
      "scripts": true
    },
    "@tailwindcss/cli@4.3.0": {
      "integrity": "sha512-X9kdlqyMopO9fewbgHsEeuy31YzMHbdZ9VsKt004tB+mxSg1CNbyhZYCzvhciN0AM4R4b5lvIprPjtNq7iQxpQ==",
      "dependencies": [
        "@parcel/watcher",
        "@tailwindcss/node",
        "@tailwindcss/oxide",
        "enhanced-resolve",
        "mri",
        "picocolors",
        "tailwindcss"
      ],
      "bin": true
    },
    "@tailwindcss/node@4.3.0": {
      "integrity": "sha512-aFb4gUhFOgdh9AXo4IzBEOzBkkAxm9VigwDJnMIYv3lcfXCJVesNfbEaBl4BNgVRyid92AmdviqwBUBRKSeY3g==",
      "dependencies": [
        "@jridgewell/remapping",
        "enhanced-resolve",
        "jiti",
        "lightningcss",
        "magic-string",
        "source-map-js",
        "tailwindcss"
      ]
    },
    "@tailwindcss/oxide-android-arm64@4.3.0": {
      "integrity": "sha512-TJPiq67tKlLuObP6RkwvVGDoxCMBVtDgKkLfa/uyj7/FyxvQwHS+UOnVrXXgbEsfUaMgiVvC4KbJnRr26ho4Ng==",
      "os": ["android"],
      "cpu": ["arm64"]
    },
    "@tailwindcss/oxide-darwin-arm64@4.3.0": {
      "integrity": "sha512-oMN/WZRb+SO37BmUElEgeEWuU8E/HXRkiODxJxLe1UTHVXLrdVSgfaJV7pSlhRGMSOiXLuxTIjfsF3wYvz8cgQ==",
      "os": ["darwin"],
      "cpu": ["arm64"]
    },
    "@tailwindcss/oxide-darwin-x64@4.3.0": {
      "integrity": "sha512-N6CUmu4a6bKVADfw77p+iw6Yd9Q3OBhe0veaDX+QazfuVYlQsHfDgxBrsjQ/IW+zywL8mTrNd0SdJT/zgtvMdA==",
      "os": ["darwin"],
      "cpu": ["x64"]
    },
    "@tailwindcss/oxide-freebsd-x64@4.3.0": {
      "integrity": "sha512-zDL5hBkQdH5C6MpqbK3gQAgP80tsMwSI26vjOzjJtNCMUo0lFgOItzHKBIupOZNQxt3ouPH7RPhvNhiTfCe5CQ==",
      "os": ["freebsd"],
      "cpu": ["x64"]
    },
    "@tailwindcss/oxide-linux-arm-gnueabihf@4.3.0": {
      "integrity": "sha512-R06HdNi7A7OEoMsf6d4tjZ71RCWnZQPHj2mnotSFURjNLdBC+cIgXQ7l81CqeoiQftjf6OOblxXMInMgN2VzMA==",
      "os": ["linux"],
      "cpu": ["arm"]
    },
    "@tailwindcss/oxide-linux-arm64-gnu@4.3.0": {
      "integrity": "sha512-qTJHELX8jetjhRQHCLilkVLmybpzNQAtaI/gaoVoidn/ufbNDbAo8KlK2J+yPoc8wQxvDxCmh/5lr8nC1+lTbg==",
      "os": ["linux"],
      "cpu": ["arm64"]
    },
    "@tailwindcss/oxide-linux-arm64-musl@4.3.0": {
      "integrity": "sha512-Z6sukiQsngnWO+l39X4pPbiWT81IC+PLKF+PHxIlyZbGNb9MODfYlXEVlFvej5BOZInWX01kVyzeLvHsXhfczQ==",
      "os": ["linux"],
      "cpu": ["arm64"]
    },
    "@tailwindcss/oxide-linux-x64-gnu@4.3.0": {
      "integrity": "sha512-DRNdQRpSGzRGfARVuVkxvM8Q12nh19l4BF/G7zGA1oe+9wcC6saFBHTISrpIcKzhiXtSrlSrluCfvMuledoCTQ==",
      "os": ["linux"],
      "cpu": ["x64"]
    },
    "@tailwindcss/oxide-linux-x64-musl@4.3.0": {
      "integrity": "sha512-Z0IADbDo8bh6I7h2IQMx601AdXBLfFpEdUotft86evd/8ZPflZe9COPO8Q1vw+pfLWIUo9zN/JGZvwuAJqduqg==",
      "os": ["linux"],
      "cpu": ["x64"]
    },
    "@tailwindcss/oxide-wasm32-wasi@4.3.0": {
      "integrity": "sha512-HNZGOUxEmElksYR7S6sC5jTeNGpobAsy9u7Gu0AskJ8/20FR9GqebUyB+HBcU/ax6BHuiuJi+Oda4B+YX6H1yA==",
      "cpu": ["wasm32"]
    },
    "@tailwindcss/oxide-win32-arm64-msvc@4.3.0": {
      "integrity": "sha512-Pe+RPVTi1T+qymuuRpcdvwSVZjnll/f7n8gBxMMh3xLTctMDKqpdfGimbMyioqtLhUYZxdJ9wGNhV7MKHvgZsQ==",
      "os": ["win32"],
      "cpu": ["arm64"]
    },
    "@tailwindcss/oxide-win32-x64-msvc@4.3.0": {
      "integrity": "sha512-Mvrf2kXW/yeW/OTezZlCGOirXRcUuLIBx/5Y12BaPM7wJoryG6dfS/NJL8aBPqtTEx/Vm4T4vKzFUcKDT+TKUA==",
      "os": ["win32"],
      "cpu": ["x64"]
    },
    "@tailwindcss/oxide@4.3.0": {
      "integrity": "sha512-F7HZGBeN9I0/AuuJS5PwcD8xayx5ri5GhjYUDBEVYUkexyA/giwbDNjRVrxSezE3T250OU2K/wp/ltWx3UOefg==",
      "optionalDependencies": [
        "@tailwindcss/oxide-android-arm64",
        "@tailwindcss/oxide-darwin-arm64",
        "@tailwindcss/oxide-darwin-x64",
        "@tailwindcss/oxide-freebsd-x64",
        "@tailwindcss/oxide-linux-arm-gnueabihf",
        "@tailwindcss/oxide-linux-arm64-gnu",
        "@tailwindcss/oxide-linux-arm64-musl",
        "@tailwindcss/oxide-linux-x64-gnu",
        "@tailwindcss/oxide-linux-x64-musl",
        "@tailwindcss/oxide-wasm32-wasi",
        "@tailwindcss/oxide-win32-arm64-msvc",
        "@tailwindcss/oxide-win32-x64-msvc"
      ]
    },
    "@vue/reactivity@3.5.42": {
      "integrity": "sha512-TzNNfKpb7hDxbQltwAut8VDQA5YP+BuRlxntHUuRjyKwlMvmAPbs3unhCvieijifY6vFfVBwsS7wG/C7uq+bEQ==",
      "dependencies": [
        "@vue/shared"
      ]
    },
    "@vue/shared@3.5.42": {
      "integrity": "sha512-2rPxex1jQf4jvl9MOHl6YaXCPcrNqz/FstMOEh3QWY+/OME9nQTvl9WYeCwhW7AFjaR0SnngZGlp/wkR6rkI6g=="
    },
    "alpinejs@3.16.3": {
      "integrity": "sha512-kLIO2JOPs5ZY3mHPH+CHHPzp89Y6Gb2luLRy+RDIb1oG9y6N5Vfc75kkEoaSOPhJqvakuPiAsnd9paNPNSZyVg==",
      "dependencies": [
        "@vue/reactivity"
      ]
    },
    "choices.js@11.2.4": {
      "integrity": "sha512-3ESJ42LC1cFPIK2sRxa+Y1zEM5vpeOL/FrZHh6dqqqTHf23FStbjKhxP+eMC0F3O0xRUkhQmOOtUxIi83RxhTg==",
      "dependencies": [
        "fuse.js"
      ]
    },
    "codemirror@6.0.2": {
      "integrity": "sha512-VhydHotNW5w1UGK0Qj96BwSk/Zqbp9WbnyK2W/eVMv4QyF41INRGpjUhFJY7/uDNuudSc33a/PKr4iDqRduvHw==",
      "dependencies": [
        "@codemirror/autocomplete",
        "@codemirror/commands",
        "@codemirror/language",
        "@codemirror/lint",
        "@codemirror/search",
        "@codemirror/state",
        "@codemirror/view"
      ]
    },
    "crelt@1.0.7": {
      "integrity": "sha512-aK6BbWfhf4U/wCcLHKPJl/xa6VkVstRaPywWtMKGwuOLc/wZTyQYuoxgvZnNsBvv7Kg3YTBQYYBCggcviQczuA=="
    },
    "daisyui@5.7.22": {
      "integrity": "sha512-pYii+2NCN0+OIL6Lpuc054LK0QJeNv+GRK9UzN1GRmjdYhYO6WFl0QLoj5oPcitPD7o+okiiI0SKFkn641TxmA=="
    },
    "detect-libc@2.1.2": {
      "integrity": "sha512-Btj2BOOO83o3WyH59e8MgXsxEQVcarkUOpEYrubB0urwnN10yQ364rsiByU11nZlqWYZm05i/of7io4mzihBtQ=="
    },
    "driver.js@1.8.0": {
      "integrity": "sha512-+8/IO7h1v14IzWh2GP60N7T3PFZweXwdn5e5POuxRSBoCYUojsBxzqawPeXh3YZIibRy7EehYNEyxe7slwwtdg=="
    },
    "enhanced-resolve@5.24.5": {
      "integrity": "sha512-L1l8TNvomm6UVW5B253AGxQagSQr+vGwhMlrrfRS2qmhx46AMpMVJKQYLvWYbysTMY8VoicOvzHzoHMbyzB+4A==",
      "dependencies": [
        "graceful-fs",
        "tapable"
      ]
    },
    "fuse.js@7.5.0": {
      "integrity": "sha512-sQtrEfA+ez/3G0cCZecF70oqpCRttCexYUG4mUrtWL49ULUzUyxokt5kyqwtKzj1270RaKih+hcP3qLcumccow=="
    },
    "graceful-fs@4.2.11": {
      "integrity": "sha512-RbJ5/jmFcNNCcDV5o9eTnBLJ/HszWV0P73bc+Ff4nS/rJj+YaS6IGyiOL0VoBYX+l1Wrl3k63h/KrH+nhJ0XvQ=="
    },
    "highlight-search-term@1.0.3": {
      "integrity": "sha512-cCZNdQp6Dpq54QvixkrUltZ6rPHnLHapQUOQiZqTojntJRyBuX/jeWY0LvBS76JcDEd7QKbZL780vz3TtbJDJQ=="
    },
    "htmx.org@4.0.0": {
      "integrity": "sha512-T/171FUY93Kdfp8t+DnHdk45QvKRiBhVhhrwSzrXgUi4pHKvhp77dUA/qg8FAjsFWPIHNbmUuIdCrcVHuiZWng==",
      "bin": true
    },
    "is-extglob@2.1.1": {
      "integrity": "sha512-SbKbANkN603Vi4jEZv49LeVJMn4yGwsbzZworEoyEiutsN3nJYdbO36zfhGJ6QEDpOZIFkDtnq5JRxmvl3jsoQ=="
    },
    "is-glob@4.0.3": {
      "integrity": "sha512-xelSayHH36ZgE7ZWhli7pW34hNbNl8Ojv5KVmkJD4hBdD3th8Tfk9vYasLM+mXWOZhFkgZfxhLSnrwRr4elSSg==",
      "dependencies": [
        "is-extglob"
      ]
    },
    "jiti@2.7.0": {
      "integrity": "sha512-AC/7JofJvZGrrneWNaEnJeOLUx+JlGt7tNa0wZiRPT4MY1wmfKjt2+6O2p2uz2+skll8OZZmJMNqeke7kKbNgQ==",
      "bin": true
    },
    "lightningcss-android-arm64@1.32.0": {
      "integrity": "sha512-YK7/ClTt4kAK0vo6w3X+Pnm0D2cf2vPHbhOXdoNti1Ga0al1P4TBZhwjATvjNwLEBCnKvjJc2jQgHXH0NEwlAg==",
      "os": ["android"],
      "cpu": ["arm64"]
    },
    "lightningcss-darwin-arm64@1.32.0": {
      "integrity": "sha512-RzeG9Ju5bag2Bv1/lwlVJvBE3q6TtXskdZLLCyfg5pt+HLz9BqlICO7LZM7VHNTTn/5PRhHFBSjk5lc4cmscPQ==",
      "os": ["darwin"],
      "cpu": ["arm64"]
    },
    "lightningcss-darwin-x64@1.32.0": {
      "integrity": "sha512-U+QsBp2m/s2wqpUYT/6wnlagdZbtZdndSmut/NJqlCcMLTWp5muCrID+K5UJ6jqD2BFshejCYXniPDbNh73V8w==",
      "os": ["darwin"],
      "cpu": ["x64"]
    },
    "lightningcss-freebsd-x64@1.32.0": {
      "integrity": "sha512-JCTigedEksZk3tHTTthnMdVfGf61Fky8Ji2E4YjUTEQX14xiy/lTzXnu1vwiZe3bYe0q+SpsSH/CTeDXK6WHig==",
      "os": ["freebsd"],
      "cpu": ["x64"]
    },
    "lightningcss-linux-arm-gnueabihf@1.32.0": {
      "integrity": "sha512-x6rnnpRa2GL0zQOkt6rts3YDPzduLpWvwAF6EMhXFVZXD4tPrBkEFqzGowzCsIWsPjqSK+tyNEODUBXeeVHSkw==",
      "os": ["linux"],
      "cpu": ["arm"]
    },
    "lightningcss-linux-arm64-gnu@1.32.0": {
      "integrity": "sha512-0nnMyoyOLRJXfbMOilaSRcLH3Jw5z9HDNGfT/gwCPgaDjnx0i8w7vBzFLFR1f6CMLKF8gVbebmkUN3fa/kQJpQ==",
      "os": ["linux"],
      "cpu": ["arm64"]
    },
    "lightningcss-linux-arm64-musl@1.32.0": {
      "integrity": "sha512-UpQkoenr4UJEzgVIYpI80lDFvRmPVg6oqboNHfoH4CQIfNA+HOrZ7Mo7KZP02dC6LjghPQJeBsvXhJod/wnIBg==",
      "os": ["linux"],
      "cpu": ["arm64"]
    },
    "lightningcss-linux-x64-gnu@1.32.0": {
      "integrity": "sha512-V7Qr52IhZmdKPVr+Vtw8o+WLsQJYCTd8loIfpDaMRWGUZfBOYEJeyJIkqGIDMZPwPx24pUMfwSxxI8phr/MbOA==",
      "os": ["linux"],
      "cpu": ["x64"]
    },
    "lightningcss-linux-x64-musl@1.32.0": {
      "integrity": "sha512-bYcLp+Vb0awsiXg/80uCRezCYHNg1/l3mt0gzHnWV9XP1W5sKa5/TCdGWaR/zBM2PeF/HbsQv/j2URNOiVuxWg==",
      "os": ["linux"],
      "cpu": ["x64"]
    },
    "lightningcss-win32-arm64-msvc@1.32.0": {
      "integrity": "sha512-8SbC8BR40pS6baCM8sbtYDSwEVQd4JlFTOlaD3gWGHfThTcABnNDBda6eTZeqbofalIJhFx0qKzgHJmcPTnGdw==",
      "os": ["win32"],
      "cpu": ["arm64"]
    },
    "lightningcss-win32-x64-msvc@1.32.0": {
      "integrity": "sha512-Amq9B/SoZYdDi1kFrojnoqPLxYhQ4Wo5XiL8EVJrVsB8ARoC1PWW6VGtT0WKCemjy8aC+louJnjS7U18x3b06Q==",
      "os": ["win32"],
      "cpu": ["x64"]
    },
    "lightningcss@1.32.0": {
      "integrity": "sha512-NXYBzinNrblfraPGyrbPoD19C1h9lfI/1mzgWYvXUTe414Gz/X1FD2XBZSZM7rRTrMA8JL3OtAaGifrIKhQ5yQ==",
      "dependencies": [
        "detect-libc"
      ],
      "optionalDependencies": [
        "lightningcss-android-arm64",
        "lightningcss-darwin-arm64",
        "lightningcss-darwin-x64",
        "lightningcss-freebsd-x64",
        "lightningcss-linux-arm-gnueabihf",
        "lightningcss-linux-arm64-gnu",
        "lightningcss-linux-arm64-musl",
        "lightningcss-linux-x64-gnu",
        "lightningcss-linux-x64-musl",
        "lightningcss-win32-arm64-msvc",
        "lightningcss-win32-x64-msvc"
      ]
    },
    "magic-string@0.30.21": {
      "integrity": "sha512-vd2F4YUyEXKGcLHoq+TEyCjxueSeHnFxyyjNp80yg0XV4vUhnDer/lvvlqM/arB5bXQN5K2/3oinyCRyx8T2CQ==",
      "dependencies": [
        "@jridgewell/sourcemap-codec"
      ]
    },
    "mri@1.2.0": {
      "integrity": "sha512-tzzskb3bG8LvYGFF/mDTpq3jpI6Q9wc3LEmBaghu+DdCssd1FakN7Bc0hVNmEyGq1bq3RgfkCb3cmQLpNPOroA=="
    },
    "node-addon-api@7.1.1": {
      "integrity": "sha512-5m3bsyrjFWE1xf7nz7YXdN4udnVtXK6/Yfgn5qnahL6bCkf2yKt4k3nuTKAtT4r3IG8JNR2ncsIMdZuAzJjHQQ=="
    },
    "picocolors@1.1.1": {
      "integrity": "sha512-xceH2snhtb5M9liqDsmEw56le376mTZkEX/jEb/RxNFyegNul7eNslCXP9FDj/Lcu0X8KEyMceP2ntpaHrDEVA=="
    },
    "picomatch@4.0.5": {
      "integrity": "sha512-RvwwcruNjI1ncT5xRakeyS9Lf8lcItv34KD+aif+VH9kduAyfYBipGh12274xtenIPZ119/R9BdTBa8gAwSh0A=="
    },
    "sortablejs@1.15.7": {
      "integrity": "sha512-Kk8wLQPlS+yi1ZEf48a4+fzHa4yxjC30M/Sr2AnQu+f/MPwvvX9XjZ6OWejiz8crBsLwSq8GHqaxaET7u6ux0A=="
    },
    "source-map-js@1.2.1": {
      "integrity": "sha512-UXWMKhLOwVKb728IUtQPXxfYU+usdybtUrK/8uGE8CQMvrhOpwvzDBwj0QhSL7MQc7vIsISBG8VQ8+IDQxpfQA=="
    },
    "style-mod@4.1.3": {
      "integrity": "sha512-i/n8VsZydrugj3Iuzll8+x/00GH2vnYsk1eomD8QiRrSAeW6ItbCQDtfXCeJHd0iwiNagqjQkvpvREEPtW3IoQ=="
    },
    "sweetalert2@11.26.25": {
      "integrity": "sha512-+hunCOJdJ6FLj04T9YSLvvZXRjsvIkTeTKP2e4VF8CaBias961BTnWiSFAy7F/CM5eq3QK2Rraoc5Gzftslvkg=="
    },
    "tailwindcss@4.3.0": {
      "integrity": "sha512-y6nxMGB1nMW9R6k96e5gdIFzcfL/gTJRNaqGes1YvkLnPVXzWgbqFF2yLC0T8G774n24cx3Pe8XrKoniCOAH+Q=="
    },
    "tapable@2.3.3": {
      "integrity": "sha512-uxc/zpqFg6x7C8vOE7lh6Lbda8eEL9zmVm/PLeTPBRhh1xCgdWaQ+J1CUieGpIfm2HdtsUpRv+HshiasBMcc6A=="
    },
    "w3c-keyname@2.2.8": {
      "integrity": "sha512-dpojBhNsCNN7T82Tm7k26A6G9ML3NkhDsnw9n/eoxSRlVBB4CEtIQ/KTCLI2Fwf3ataSXRhYFkQi3SlnFwPvPQ=="
    }
  },
  "workspace": {
    "dependencies": [
      "npm:@codemirror/commands@^6.11.0",
      "npm:@codemirror/language@^6.12.4",
      "npm:@codemirror/legacy-modes@^6.5.3",
      "npm:@codemirror/merge@^6.12.2",
      "npm:@codemirror/state@^6.7.1",
      "npm:@codemirror/view@^6.43.9",
      "npm:@tailwindcss/cli@4.3.0",
      "npm:alpinejs@^3.16.3",
      "npm:choices.js@^11.2.4",
      "npm:codemirror@^6.0.2",
      "npm:daisyui@^5.7.22",
      "npm:driver.js@^1.8.0",
      "npm:fuse.js@^7.5.0",
      "npm:highlight-search-term@^1.0.3",
      "npm:htmx.org@4",
      "npm:sortablejs@^1.15.7",
      "npm:sweetalert2@^11.26.25",
      "npm:tailwindcss@4.3.0"
    ]
  }
}
