version = 1
revision = 3
requires-python = ">=3.12, <3.14"

[[package]]
name = "annotated-types"
version = "0.7.0"
source = { registry = "https://pypi.org/simple" }
sdist = { url = "https://files.pythonhosted.org/packages/ee/67/531ea369ba64dcff5ec9c3402f9f51bf748cec26dde048a2f973a4eea7f5/annotated_types-0.7.0.tar.gz", hash = "sha256:aff07c09a53a08bc8cfccb9c85b05f1aa9a2a6f23728d790723543408344ce89", size = 16081, upload-time = "2024-05-20T21:33:25.928Z" }
wheels = [
    { url = "https://files.pythonhosted.org/packages/78/b6/6307fbef88d9b5ee7421e68d78a9f162e0da4900bc5f5793f6d3d0e34fb8/annotated_types-0.7.0-py3-none-any.whl", hash = "sha256:1f02e8b43a8fbbc3f3e0d4f0f4bfc8131bcb4eebe8849b8e5c773f3a1c582a53", size = 13643, upload-time = "2024-05-20T21:33:24.1Z" },
]

[[package]]
name = "colorama"
version = "0.4.6"
source = { registry = "https://pypi.org/simple" }
sdist = { url = "https://files.pythonhosted.org/packages/d8/53/6f443c9a4a8358a93a6792e2acffb9d9d5cb0a5cfd8802644b7b1c9a02e4/colorama-0.4.6.tar.gz", hash = "sha256:08695f5cb7ed6e0531a20572697297273c47b8cae5a63ffc6d6ed5c201be6e44", size = 27697, upload-time = "2022-10-25T02:36:22.414Z" }
wheels = [
    { url = "https://files.pythonhosted.org/packages/d1/d6/3965ed04c63042e047cb6a3e6ed1a63a35087b6a609aa3a15ed8ac56c221/colorama-0.4.6-py2.py3-none-any.whl", hash = "sha256:4f1d9991f5acc0ca119f9d443620b77f9d6b33703e51011c16baf57afb285fc6", size = 25335, upload-time = "2022-10-25T02:36:20.889Z" },
]

[[package]]
name = "iniconfig"
version = "2.3.0"
source = { registry = "https://pypi.org/simple" }
sdist = { url = "https://files.pythonhosted.org/packages/72/34/14ca021ce8e5dfedc35312d08ba8bf51fdd999c576889fc2c24cb97f4f10/iniconfig-2.3.0.tar.gz", hash = "sha256:c76315c77db068650d49c5b56314774a7804df16fee4402c1f19d6d15d8c4730", size = 20503, upload-time = "2025-10-18T21:55:43.219Z" }
wheels = [
    { url = "https://files.pythonhosted.org/packages/cb/b1/3846dd7f199d53cb17f49cba7e651e9ce294d8497c8c150530ed11865bb8/iniconfig-2.3.0-py3-none-any.whl", hash = "sha256:f631c04d2c48c52b84d0d0549c99ff3859c98df65b3101406327ecc7d53fbf12", size = 7484, upload-time = "2025-10-18T21:55:41.639Z" },
]

[[package]]
name = "langcodes"
version = "3.5.0"
source = { registry = "https://pypi.org/simple" }
dependencies = [
    { name = "language-data" },
]
sdist = { url = "https://files.pythonhosted.org/packages/3a/7a/5a97e327063409a5caa21541e6d08ae4a0f2da328447e9f2c7b39e179226/langcodes-3.5.0.tar.gz", hash = "sha256:1eef8168d07e51e131a2497ffecad4b663f6208e7c3ae3b8dc15c51734a6f801", size = 191030, upload-time = "2024-11-19T10:23:45.546Z" }
wheels = [
    { url = "https://files.pythonhosted.org/packages/c3/6b/068c2ea7a712bf805c62445bd9e9c06d7340358ef2824150eceac027444b/langcodes-3.5.0-py3-none-any.whl", hash = "sha256:853c69d1a35e0e13da2f427bb68fb2fa4a8f4fb899e0c62ad8df8d073dcfed33", size = 182974, upload-time = "2024-11-19T10:23:42.824Z" },
]

[[package]]
name = "language-data"
version = "1.3.0"
source = { registry = "https://pypi.org/simple" }
dependencies = [
    { name = "marisa-trie" },
]
sdist = { url = "https://files.pythonhosted.org/packages/dd/ce/3f144716a9f2cbf42aa86ebc8b085a184be25c80aa453eea17c294d239c1/language_data-1.3.0.tar.gz", hash = "sha256:7600ef8aa39555145d06c89f0c324bf7dab834ea0b0a439d8243762e3ebad7ec", size = 5129310, upload-time = "2024-11-19T10:21:37.912Z" }
wheels = [
    { url = "https://files.pythonhosted.org/packages/5d/e9/5a5ffd9b286db82be70d677d0a91e4d58f7912bb8dd026ddeeb4abe70679/language_data-1.3.0-py3-none-any.whl", hash = "sha256:e2ee943551b5ae5f89cd0e801d1fc3835bb0ef5b7e9c3a4e8e17b2b214548fbf", size = 5385760, upload-time = "2024-11-19T10:21:36.005Z" },
]

[[package]]
name = "marisa-trie"
version = "1.3.1"
source = { registry = "https://pypi.org/simple" }
sdist = { url = "https://files.pythonhosted.org/packages/c5/e3/c9066e74076b90f9701ccd23d6a0b8c1d583feefdec576dc3e1bb093c50d/marisa_trie-1.3.1.tar.gz", hash = "sha256:97107fd12f30e4f8fea97790343a2d2d9a79d93697fe14e1b6f6363c984ff85b", size = 212454, upload-time = "2025-08-26T15:13:18.401Z" }
wheels = [
    { url = "https://files.pythonhosted.org/packages/3f/40/ee7ea61b88d62d2189b5c4a27bc0fc8d9c32f8b8dc6daf1c93a7b7ad34ac/marisa_trie-1.3.1-cp312-cp312-macosx_10_13_x86_64.whl", hash = "sha256:5b7c1e7fa6c3b855e8cfbabf38454d7decbaba1c567d0cd58880d033c6b363bd", size = 173454, upload-time = "2025-08-26T15:12:12.13Z" },
    { url = "https://files.pythonhosted.org/packages/9c/fc/58635811586898041004b2197a085253706ede211324a53ec01612a50e20/marisa_trie-1.3.1-cp312-cp312-macosx_11_0_arm64.whl", hash = "sha256:c12b44c190deb0d67655021da1f2d0a7d61a257bf844101cf982e68ed344f28d", size = 155305, upload-time = "2025-08-26T15:12:13.374Z" },
    { url = "https://files.pythonhosted.org/packages/fe/98/88ca0c98d37034a3237acaf461d210cbcfeb6687929e5ba0e354971fa3ed/marisa_trie-1.3.1-cp312-cp312-manylinux_2_24_aarch64.manylinux_2_28_aarch64.whl", hash = "sha256:9688c7b45f744366a4ef661e399f24636ebe440d315ab35d768676c59c613186", size = 1244834, upload-time = "2025-08-26T15:12:14.795Z" },
    { url = "https://files.pythonhosted.org/packages/f3/5f/93b3e3607ccd693a768eafee60829cd14ea1810b75aa48e8b20e27b332c4/marisa_trie-1.3.1-cp312-cp312-manylinux_2_24_x86_64.manylinux_2_28_x86_64.whl", hash = "sha256:99a00cab4cf9643a87977c87a5c8961aa44fff8d5dd46e00250135f686e7dedf", size = 1265148, upload-time = "2025-08-26T15:12:16.229Z" },
    { url = "https://files.pythonhosted.org/packages/db/6e/051d7d25c7fb2b3df605c8bd782513ebbb33fddf3bae6cf46cf268cca89f/marisa_trie-1.3.1-cp312-cp312-musllinux_1_2_aarch64.whl", hash = "sha256:83efc045fc58ca04c91a96c9b894d8a19ac6553677a76f96df01ff9f0405f53d", size = 2172726, upload-time = "2025-08-26T15:12:18.467Z" },
    { url = "https://files.pythonhosted.org/packages/58/da/244d9d4e414ce6c73124cba4cc293dd140bf3b04ca18dec64c2775cca951/marisa_trie-1.3.1-cp312-cp312-musllinux_1_2_x86_64.whl", hash = "sha256:0b9816ab993001a7854b02a7daec228892f35bd5ab0ac493bacbd1b80baec9f1", size = 2256104, upload-time = "2025-08-26T15:12:20.168Z" },
    { url = "https://files.pythonhosted.org/packages/c4/f1/1a36ecd7da6668685a7753522af89a19928ffc80f1cc1dbc301af216f011/marisa_trie-1.3.1-cp312-cp312-win32.whl", hash = "sha256:c785fd6dae9daa6825734b7b494cdac972f958be1f9cb3fb1f32be8598d2b936", size = 115624, upload-time = "2025-08-26T15:12:21.233Z" },
    { url = "https://files.pythonhosted.org/packages/35/b2/aabd1c9f1c102aa31d66633ed5328c447be166e0a703f9723e682478fd83/marisa_trie-1.3.1-cp312-cp312-win_amd64.whl", hash = "sha256:9868b7a8e0f648d09ffe25ac29511e6e208cc5fb0d156c295385f9d5dc2a138e", size = 138562, upload-time = "2025-08-26T15:12:22.632Z" },
    { url = "https://files.pythonhosted.org/packages/46/a2/8331b995c1b3eee83aa745f4a6502d737ec523d5955a48f167d4177db105/marisa_trie-1.3.1-cp313-cp313-macosx_10_13_x86_64.whl", hash = "sha256:9de573d933db4753a50af891bcb3ffbfe14e200406214c223aa5dfe2163f316d", size = 172272, upload-time = "2025-08-26T15:12:24.016Z" },
    { url = "https://files.pythonhosted.org/packages/97/b8/7b9681b5c0ea1bb950f907a4e3919eb7f7b7b3febafaae346f3b3f199f6f/marisa_trie-1.3.1-cp313-cp313-macosx_11_0_arm64.whl", hash = "sha256:f4bae4f920f2a1082eaf766c1883df7da84abdf333bafa15b8717c10416a615e", size = 154671, upload-time = "2025-08-26T15:12:25.013Z" },
    { url = "https://files.pythonhosted.org/packages/ca/16/929c1f83fdcff13f8d08500f434aaa18c21c8168d16cf81585d69085e980/marisa_trie-1.3.1-cp313-cp313-manylinux_2_24_aarch64.manylinux_2_28_aarch64.whl", hash = "sha256:bf9f2b97fcfd5e2dbb0090d0664023872dcde990df0b545eca8d0ce95795a409", size = 1238754, upload-time = "2025-08-26T15:12:26.217Z" },
    { url = "https://files.pythonhosted.org/packages/0f/0a/b0e04d3ef91a87d4c7ea0b66c004fdfc6e65c9ed83edaebecfb482dfe0ed/marisa_trie-1.3.1-cp313-cp313-manylinux_2_24_x86_64.manylinux_2_28_x86_64.whl", hash = "sha256:ecdb19d33b26738a32602ef432b06cc6deeca4b498ce67ba8e5e39c8a7c19745", size = 1262653, upload-time = "2025-08-26T15:12:27.422Z" },
    { url = "https://files.pythonhosted.org/packages/de/1f/0ecf610ddc9a209ee63116baabb47584d5b8ecd01610091a593d9429537e/marisa_trie-1.3.1-cp313-cp313-musllinux_1_2_aarch64.whl", hash = "sha256:a7416f1a084eb889c5792c57317875aeaa86abfe0bdc6f167712cebcec1d36ee", size = 2172399, upload-time = "2025-08-26T15:12:28.926Z" },
    { url = "https://files.pythonhosted.org/packages/ac/74/6b47deff3b3920449c135b9187c80f0d656adcdc5d41463745a61b012ea1/marisa_trie-1.3.1-cp313-cp313-musllinux_1_2_x86_64.whl", hash = "sha256:ee428575377e29c636f2b4b3b0488875dcea310c6c5b3412ec4ef997f7bb37cc", size = 2255138, upload-time = "2025-08-26T15:12:30.271Z" },
    { url = "https://files.pythonhosted.org/packages/bd/fa/3dbcbe93dfaa626a5b3e741e7bcf3d7389aa5777175213bd8d9a9d3c992d/marisa_trie-1.3.1-cp313-cp313-win32.whl", hash = "sha256:d0f87bdf660f01e88ab3a507955697b2e3284065afa0b94fc9e77d6ad153ed5e", size = 115391, upload-time = "2025-08-26T15:12:31.465Z" },
    { url = "https://files.pythonhosted.org/packages/3b/ce/ddfab303646b21aef07ff9dbc83fba92e5d493f49d3bc03d899ffd45c86f/marisa_trie-1.3.1-cp313-cp313-win_amd64.whl", hash = "sha256:a83f5f7ae3494e0cc25211296252b1b86901c788ed82c83adda19d0c98f828d6", size = 139130, upload-time = "2025-08-26T15:12:32.4Z" },
    { url = "https://files.pythonhosted.org/packages/5a/1e/734b618048ad05c50cb1673ce2c6e836dc38ddeeeb011ed1804af07327a4/marisa_trie-1.3.1-cp313-cp313t-macosx_10_13_x86_64.whl", hash = "sha256:a850b151bd1e3a5d9afef113adc22727d696603659d575d7e84f994bd8d04bf1", size = 175131, upload-time = "2025-08-26T15:12:33.728Z" },
    { url = "https://files.pythonhosted.org/packages/d3/78/c7051147cc918cb8ff4a2920e11a9b17d9dcb4d8fc122122694b486e2bfe/marisa_trie-1.3.1-cp313-cp313t-macosx_11_0_arm64.whl", hash = "sha256:9dc61fb8f8993589544f6df268229c6cf0a56ad4ed3e8585a9cd23c5ad79527b", size = 163094, upload-time = "2025-08-26T15:12:35.312Z" },
    { url = "https://files.pythonhosted.org/packages/ee/b8/3b904178d7878319aacaabae5131c1f281519aaac0f8c68c8ed312912ccf/marisa_trie-1.3.1-cp313-cp313t-manylinux_2_24_aarch64.manylinux_2_28_aarch64.whl", hash = "sha256:d4bd41a6e73c0d0adafe4de449b6d35530a4ce6a836a6ee839baf117785ecfd7", size = 1279812, upload-time = "2025-08-26T15:12:36.831Z" },
    { url = "https://files.pythonhosted.org/packages/fb/bf/e77a1284247b980560b4104bbdd5d06ed2c2ae3d56ab954f97293b6dbbcd/marisa_trie-1.3.1-cp313-cp313t-manylinux_2_24_x86_64.manylinux_2_28_x86_64.whl", hash = "sha256:8c8b2386d2d22c57880ed20a913ceca86363765623175671137484a7d223f07a", size = 1285690, upload-time = "2025-08-26T15:12:38.754Z" },
    { url = "https://files.pythonhosted.org/packages/48/82/f6f10db5ec72de2642499f3a6e4e8607bbd2cfb28269ea08d0d8ddac3313/marisa_trie-1.3.1-cp313-cp313t-musllinux_1_2_aarch64.whl", hash = "sha256:9c56001badaf1779afae5c24b7ab85938644ab8ef3c5fd438ab5d49621b84482", size = 2197943, upload-time = "2025-08-26T15:12:40.584Z" },
    { url = "https://files.pythonhosted.org/packages/2a/d0/74b6c3011b1ebf4a8131430156b14c3af694082cf34c392fff766096fd4b/marisa_trie-1.3.1-cp313-cp313t-musllinux_1_2_x86_64.whl", hash = "sha256:83a3748088d117a9b15d8981c947df9e4f56eb2e4b5456ae34fe1f83666c9185", size = 2280132, upload-time = "2025-08-26T15:12:42.059Z" },
    { url = "https://files.pythonhosted.org/packages/28/b2/b8b0cb738fa3ab07309ed92025c6e1b278f84c7255e976921a52b30d8d1b/marisa_trie-1.3.1-cp313-cp313t-win32.whl", hash = "sha256:137010598d8cebc53dbfb7caf59bde96c33a6af555e3e1bdbf30269b6a157e1e", size = 126446, upload-time = "2025-08-26T15:12:43.339Z" },
    { url = "https://files.pythonhosted.org/packages/b6/c6/2381648d0c946556ef51c673397cea40712d945444ceed0a0a0b51a174d2/marisa_trie-1.3.1-cp313-cp313t-win_amd64.whl", hash = "sha256:ec633e108f277f2b7f4671d933a909f39bba549910bf103e2940b87a14da2783", size = 153885, upload-time = "2025-08-26T15:12:44.309Z" },
]

[[package]]
name = "packaging"
version = "25.0"
source = { registry = "https://pypi.org/simple" }
sdist = { url = "https://files.pythonhosted.org/packages/a1/d4/1fc4078c65507b51b96ca8f8c3ba19e6a61c8253c72794544580a7b6c24d/packaging-25.0.tar.gz", hash = "sha256:d443872c98d677bf60f6a1f2f8c1cb748e8fe762d2bf9d3148b5599295b0fc4f", size = 165727, upload-time = "2025-04-19T11:48:59.673Z" }
wheels = [
    { url = "https://files.pythonhosted.org/packages/20/12/38679034af332785aac8774540895e234f4d07f7545804097de4b666afd8/packaging-25.0-py3-none-any.whl", hash = "sha256:29572ef2b1f17581046b3a2227d5c611fb25ec70ca1ba8554b24b0e69331a484", size = 66469, upload-time = "2025-04-19T11:48:57.875Z" },
]

[[package]]
name = "pluggy"
version = "1.6.0"
source = { registry = "https://pypi.org/simple" }
sdist = { url = "https://files.pythonhosted.org/packages/f9/e2/3e91f31a7d2b083fe6ef3fa267035b518369d9511ffab804f839851d2779/pluggy-1.6.0.tar.gz", hash = "sha256:7dcc130b76258d33b90f61b658791dede3486c3e6bfb003ee5c9bfb396dd22f3", size = 69412, upload-time = "2025-05-15T12:30:07.975Z" }
wheels = [
    { url = "https://files.pythonhosted.org/packages/54/20/4d324d65cc6d9205fabedc306948156824eb9f0ee1633355a8f7ec5c66bf/pluggy-1.6.0-py3-none-any.whl", hash = "sha256:e920276dd6813095e9377c0bc5566d94c932c33b27a3e3945d8389c374dd4746", size = 20538, upload-time = "2025-05-15T12:30:06.134Z" },
]

[[package]]
name = "pydantic"
version = "2.12.3"
source = { registry = "https://pypi.org/simple" }
dependencies = [
    { name = "annotated-types" },
    { name = "pydantic-core" },
    { name = "typing-extensions" },
    { name = "typing-inspection" },
]
sdist = { url = "https://files.pythonhosted.org/packages/f3/1e/4f0a3233767010308f2fd6bd0814597e3f63f1dc98304a9112b8759df4ff/pydantic-2.12.3.tar.gz", hash = "sha256:1da1c82b0fc140bb0103bc1441ffe062154c8d38491189751ee00fd8ca65ce74", size = 819383, upload-time = "2025-10-17T15:04:21.222Z" }
wheels = [
    { url = "https://files.pythonhosted.org/packages/a1/6b/83661fa77dcefa195ad5f8cd9af3d1a7450fd57cc883ad04d65446ac2029/pydantic-2.12.3-py3-none-any.whl", hash = "sha256:6986454a854bc3bc6e5443e1369e06a3a456af9d339eda45510f517d9ea5c6bf", size = 462431, upload-time = "2025-10-17T15:04:19.346Z" },
]

[[package]]
name = "pydantic-core"
version = "2.41.4"
source = { registry = "https://pypi.org/simple" }
dependencies = [
    { name = "typing-extensions" },
]
sdist = { url = "https://files.pythonhosted.org/packages/df/18/d0944e8eaaa3efd0a91b0f1fc537d3be55ad35091b6a87638211ba691964/pydantic_core-2.41.4.tar.gz", hash = "sha256:70e47929a9d4a1905a67e4b687d5946026390568a8e952b92824118063cee4d5", size = 457557, upload-time = "2025-10-14T10:23:47.909Z" }
wheels = [
    { url = "https://files.pythonhosted.org/packages/e9/81/d3b3e95929c4369d30b2a66a91db63c8ed0a98381ae55a45da2cd1cc1288/pydantic_core-2.41.4-cp312-cp312-macosx_10_12_x86_64.whl", hash = "sha256:ab06d77e053d660a6faaf04894446df7b0a7e7aba70c2797465a0a1af00fc887", size = 2099043, upload-time = "2025-10-14T10:20:28.561Z" },
    { url = "https://files.pythonhosted.org/packages/58/da/46fdac49e6717e3a94fc9201403e08d9d61aa7a770fab6190b8740749047/pydantic_core-2.41.4-cp312-cp312-macosx_11_0_arm64.whl", hash = "sha256:c53ff33e603a9c1179a9364b0a24694f183717b2e0da2b5ad43c316c956901b2", size = 1910699, upload-time = "2025-10-14T10:20:30.217Z" },
    { url = "https://files.pythonhosted.org/packages/1e/63/4d948f1b9dd8e991a5a98b77dd66c74641f5f2e5225fee37994b2e07d391/pydantic_core-2.41.4-cp312-cp312-manylinux_2_17_aarch64.manylinux2014_aarch64.whl", hash = "sha256:304c54176af2c143bd181d82e77c15c41cbacea8872a2225dd37e6544dce9999", size = 1952121, upload-time = "2025-10-14T10:20:32.246Z" },
    { url = "https://files.pythonhosted.org/packages/b2/a7/e5fc60a6f781fc634ecaa9ecc3c20171d238794cef69ae0af79ac11b89d7/pydantic_core-2.41.4-cp312-cp312-manylinux_2_17_armv7l.manylinux2014_armv7l.whl", hash = "sha256:025ba34a4cf4fb32f917d5d188ab5e702223d3ba603be4d8aca2f82bede432a4", size = 2041590, upload-time = "2025-10-14T10:20:34.332Z" },
    { url = "https://files.pythonhosted.org/packages/70/69/dce747b1d21d59e85af433428978a1893c6f8a7068fa2bb4a927fba7a5ff/pydantic_core-2.41.4-cp312-cp312-manylinux_2_17_ppc64le.manylinux2014_ppc64le.whl", hash = "sha256:b9f5f30c402ed58f90c70e12eff65547d3ab74685ffe8283c719e6bead8ef53f", size = 2219869, upload-time = "2025-10-14T10:20:35.965Z" },
    { url = "https://files.pythonhosted.org/packages/83/6a/c070e30e295403bf29c4df1cb781317b6a9bac7cd07b8d3acc94d501a63c/pydantic_core-2.41.4-cp312-cp312-manylinux_2_17_s390x.manylinux2014_s390x.whl", hash = "sha256:dd96e5d15385d301733113bcaa324c8bcf111275b7675a9c6e88bfb19fc05e3b", size = 2345169, upload-time = "2025-10-14T10:20:37.627Z" },
    { url = "https://files.pythonhosted.org/packages/f0/83/06d001f8043c336baea7fd202a9ac7ad71f87e1c55d8112c50b745c40324/pydantic_core-2.41.4-cp312-cp312-manylinux_2_17_x86_64.manylinux2014_x86_64.whl", hash = "sha256:98f348cbb44fae6e9653c1055db7e29de67ea6a9ca03a5fa2c2e11a47cff0e47", size = 2070165, upload-time = "2025-10-14T10:20:39.246Z" },
    { url = "https://files.pythonhosted.org/packages/14/0a/e567c2883588dd12bcbc110232d892cf385356f7c8a9910311ac997ab715/pydantic_core-2.41.4-cp312-cp312-manylinux_2_5_i686.manylinux1_i686.whl", hash = "sha256:ec22626a2d14620a83ca583c6f5a4080fa3155282718b6055c2ea48d3ef35970", size = 2189067, upload-time = "2025-10-14T10:20:41.015Z" },
    { url = "https://files.pythonhosted.org/packages/f4/1d/3d9fca34273ba03c9b1c5289f7618bc4bd09c3ad2289b5420481aa051a99/pydantic_core-2.41.4-cp312-cp312-musllinux_1_1_aarch64.whl", hash = "sha256:3a95d4590b1f1a43bf33ca6d647b990a88f4a3824a8c4572c708f0b45a5290ed", size = 2132997, upload-time = "2025-10-14T10:20:43.106Z" },
    { url = "https://files.pythonhosted.org/packages/52/70/d702ef7a6cd41a8afc61f3554922b3ed8d19dd54c3bd4bdbfe332e610827/pydantic_core-2.41.4-cp312-cp312-musllinux_1_1_armv7l.whl", hash = "sha256:f9672ab4d398e1b602feadcffcdd3af44d5f5e6ddc15bc7d15d376d47e8e19f8", size = 2307187, upload-time = "2025-10-14T10:20:44.849Z" },
    { url = "https://files.pythonhosted.org/packages/68/4c/c06be6e27545d08b802127914156f38d10ca287a9e8489342793de8aae3c/pydantic_core-2.41.4-cp312-cp312-musllinux_1_1_x86_64.whl", hash = "sha256:84d8854db5f55fead3b579f04bda9a36461dab0730c5d570e1526483e7bb8431", size = 2305204, upload-time = "2025-10-14T10:20:46.781Z" },
    { url = "https://files.pythonhosted.org/packages/b0/e5/35ae4919bcd9f18603419e23c5eaf32750224a89d41a8df1a3704b69f77e/pydantic_core-2.41.4-cp312-cp312-win32.whl", hash = "sha256:9be1c01adb2ecc4e464392c36d17f97e9110fbbc906bcbe1c943b5b87a74aabd", size = 1972536, upload-time = "2025-10-14T10:20:48.39Z" },
    { url = "https://files.pythonhosted.org/packages/1e/c2/49c5bb6d2a49eb2ee3647a93e3dae7080c6409a8a7558b075027644e879c/pydantic_core-2.41.4-cp312-cp312-win_amd64.whl", hash = "sha256:d682cf1d22bab22a5be08539dca3d1593488a99998f9f412137bc323179067ff", size = 2031132, upload-time = "2025-10-14T10:20:50.421Z" },
    { url = "https://files.pythonhosted.org/packages/06/23/936343dbcba6eec93f73e95eb346810fc732f71ba27967b287b66f7b7097/pydantic_core-2.41.4-cp312-cp312-win_arm64.whl", hash = "sha256:833eebfd75a26d17470b58768c1834dfc90141b7afc6eb0429c21fc5a21dcfb8", size = 1969483, upload-time = "2025-10-14T10:20:52.35Z" },
    { url = "https://files.pythonhosted.org/packages/13/d0/c20adabd181a029a970738dfe23710b52a31f1258f591874fcdec7359845/pydantic_core-2.41.4-cp313-cp313-macosx_10_12_x86_64.whl", hash = "sha256:85e050ad9e5f6fe1004eec65c914332e52f429bc0ae12d6fa2092407a462c746", size = 2105688, upload-time = "2025-10-14T10:20:54.448Z" },
    { url = "https://files.pythonhosted.org/packages/00/b6/0ce5c03cec5ae94cca220dfecddc453c077d71363b98a4bbdb3c0b22c783/pydantic_core-2.41.4-cp313-cp313-macosx_11_0_arm64.whl", hash = "sha256:e7393f1d64792763a48924ba31d1e44c2cfbc05e3b1c2c9abb4ceeadd912cced", size = 1910807, upload-time = "2025-10-14T10:20:56.115Z" },
    { url = "https://files.pythonhosted.org/packages/68/3e/800d3d02c8beb0b5c069c870cbb83799d085debf43499c897bb4b4aaff0d/pydantic_core-2.41.4-cp313-cp313-manylinux_2_17_aarch64.manylinux2014_aarch64.whl", hash = "sha256:94dab0940b0d1fb28bcab847adf887c66a27a40291eedf0b473be58761c9799a", size = 1956669, upload-time = "2025-10-14T10:20:57.874Z" },
    { url = "https://files.pythonhosted.org/packages/60/a4/24271cc71a17f64589be49ab8bd0751f6a0a03046c690df60989f2f95c2c/pydantic_core-2.41.4-cp313-cp313-manylinux_2_17_armv7l.manylinux2014_armv7l.whl", hash = "sha256:de7c42f897e689ee6f9e93c4bec72b99ae3b32a2ade1c7e4798e690ff5246e02", size = 2051629, upload-time = "2025-10-14T10:21:00.006Z" },
    { url = "https://files.pythonhosted.org/packages/68/de/45af3ca2f175d91b96bfb62e1f2d2f1f9f3b14a734afe0bfeff079f78181/pydantic_core-2.41.4-cp313-cp313-manylinux_2_17_ppc64le.manylinux2014_ppc64le.whl", hash = "sha256:664b3199193262277b8b3cd1e754fb07f2c6023289c815a1e1e8fb415cb247b1", size = 2224049, upload-time = "2025-10-14T10:21:01.801Z" },
    { url = "https://files.pythonhosted.org/packages/af/8f/ae4e1ff84672bf869d0a77af24fd78387850e9497753c432875066b5d622/pydantic_core-2.41.4-cp313-cp313-manylinux_2_17_s390x.manylinux2014_s390x.whl", hash = "sha256:d95b253b88f7d308b1c0b417c4624f44553ba4762816f94e6986819b9c273fb2", size = 2342409, upload-time = "2025-10-14T10:21:03.556Z" },
    { url = "https://files.pythonhosted.org/packages/18/62/273dd70b0026a085c7b74b000394e1ef95719ea579c76ea2f0cc8893736d/pydantic_core-2.41.4-cp313-cp313-manylinux_2_17_x86_64.manylinux2014_x86_64.whl", hash = "sha256:a1351f5bbdbbabc689727cb91649a00cb9ee7203e0a6e54e9f5ba9e22e384b84", size = 2069635, upload-time = "2025-10-14T10:21:05.385Z" },
    { url = "https://files.pythonhosted.org/packages/30/03/cf485fff699b4cdaea469bc481719d3e49f023241b4abb656f8d422189fc/pydantic_core-2.41.4-cp313-cp313-manylinux_2_5_i686.manylinux1_i686.whl", hash = "sha256:1affa4798520b148d7182da0615d648e752de4ab1a9566b7471bc803d88a062d", size = 2194284, upload-time = "2025-10-14T10:21:07.122Z" },
    { url = "https://files.pythonhosted.org/packages/f9/7e/c8e713db32405dfd97211f2fc0a15d6bf8adb7640f3d18544c1f39526619/pydantic_core-2.41.4-cp313-cp313-musllinux_1_1_aarch64.whl", hash = "sha256:7b74e18052fea4aa8dea2fb7dbc23d15439695da6cbe6cfc1b694af1115df09d", size = 2137566, upload-time = "2025-10-14T10:21:08.981Z" },
    { url = "https://files.pythonhosted.org/packages/04/f7/db71fd4cdccc8b75990f79ccafbbd66757e19f6d5ee724a6252414483fb4/pydantic_core-2.41.4-cp313-cp313-musllinux_1_1_armv7l.whl", hash = "sha256:285b643d75c0e30abda9dc1077395624f314a37e3c09ca402d4015ef5979f1a2", size = 2316809, upload-time = "2025-10-14T10:21:10.805Z" },
    { url = "https://files.pythonhosted.org/packages/76/63/a54973ddb945f1bca56742b48b144d85c9fc22f819ddeb9f861c249d5464/pydantic_core-2.41.4-cp313-cp313-musllinux_1_1_x86_64.whl", hash = "sha256:f52679ff4218d713b3b33f88c89ccbf3a5c2c12ba665fb80ccc4192b4608dbab", size = 2311119, upload-time = "2025-10-14T10:21:12.583Z" },
    { url = "https://files.pythonhosted.org/packages/f8/03/5d12891e93c19218af74843a27e32b94922195ded2386f7b55382f904d2f/pydantic_core-2.41.4-cp313-cp313-win32.whl", hash = "sha256:ecde6dedd6fff127c273c76821bb754d793be1024bc33314a120f83a3c69460c", size = 1981398, upload-time = "2025-10-14T10:21:14.584Z" },
    { url = "https://files.pythonhosted.org/packages/be/d8/fd0de71f39db91135b7a26996160de71c073d8635edfce8b3c3681be0d6d/pydantic_core-2.41.4-cp313-cp313-win_amd64.whl", hash = "sha256:d081a1f3800f05409ed868ebb2d74ac39dd0c1ff6c035b5162356d76030736d4", size = 2030735, upload-time = "2025-10-14T10:21:16.432Z" },
    { url = "https://files.pythonhosted.org/packages/72/86/c99921c1cf6650023c08bfab6fe2d7057a5142628ef7ccfa9921f2dda1d5/pydantic_core-2.41.4-cp313-cp313-win_arm64.whl", hash = "sha256:f8e49c9c364a7edcbe2a310f12733aad95b022495ef2a8d653f645e5d20c1564", size = 1973209, upload-time = "2025-10-14T10:21:18.213Z" },
    { url = "https://files.pythonhosted.org/packages/36/0d/b5706cacb70a8414396efdda3d72ae0542e050b591119e458e2490baf035/pydantic_core-2.41.4-cp313-cp313t-macosx_11_0_arm64.whl", hash = "sha256:ed97fd56a561f5eb5706cebe94f1ad7c13b84d98312a05546f2ad036bafe87f4", size = 1877324, upload-time = "2025-10-14T10:21:20.363Z" },
    { url = "https://files.pythonhosted.org/packages/de/2d/cba1fa02cfdea72dfb3a9babb067c83b9dff0bbcb198368e000a6b756ea7/pydantic_core-2.41.4-cp313-cp313t-manylinux_2_17_aarch64.manylinux2014_aarch64.whl", hash = "sha256:a870c307bf1ee91fc58a9a61338ff780d01bfae45922624816878dce784095d2", size = 1884515, upload-time = "2025-10-14T10:21:22.339Z" },
    { url = "https://files.pythonhosted.org/packages/07/ea/3df927c4384ed9b503c9cc2d076cf983b4f2adb0c754578dfb1245c51e46/pydantic_core-2.41.4-cp313-cp313t-manylinux_2_17_x86_64.manylinux2014_x86_64.whl", hash = "sha256:d25e97bc1f5f8f7985bdc2335ef9e73843bb561eb1fa6831fdfc295c1c2061cf", size = 2042819, upload-time = "2025-10-14T10:21:26.683Z" },
    { url = "https://files.pythonhosted.org/packages/6a/ee/df8e871f07074250270a3b1b82aad4cd0026b588acd5d7d3eb2fcb1471a3/pydantic_core-2.41.4-cp313-cp313t-win_amd64.whl", hash = "sha256:d405d14bea042f166512add3091c1af40437c2e7f86988f3915fabd27b1e9cd2", size = 1995866, upload-time = "2025-10-14T10:21:28.951Z" },
    { url = "https://files.pythonhosted.org/packages/fc/de/b20f4ab954d6d399499c33ec4fafc46d9551e11dc1858fb7f5dca0748ceb/pydantic_core-2.41.4-cp313-cp313t-win_arm64.whl", hash = "sha256:19f3684868309db5263a11bace3c45d93f6f24afa2ffe75a647583df22a2ff89", size = 1970034, upload-time = "2025-10-14T10:21:30.869Z" },
    { url = "https://files.pythonhosted.org/packages/c4/48/ae937e5a831b7c0dc646b2ef788c27cd003894882415300ed21927c21efa/pydantic_core-2.41.4-graalpy312-graalpy250_312_native-macosx_10_12_x86_64.whl", hash = "sha256:4f5d640aeebb438517150fdeec097739614421900e4a08db4a3ef38898798537", size = 2112087, upload-time = "2025-10-14T10:22:56.818Z" },
    { url = "https://files.pythonhosted.org/packages/5e/db/6db8073e3d32dae017da7e0d16a9ecb897d0a4d92e00634916e486097961/pydantic_core-2.41.4-graalpy312-graalpy250_312_native-macosx_11_0_arm64.whl", hash = "sha256:4a9ab037b71927babc6d9e7fc01aea9e66dc2a4a34dff06ef0724a4049629f94", size = 1920387, upload-time = "2025-10-14T10:22:59.342Z" },
    { url = "https://files.pythonhosted.org/packages/0d/c1/dd3542d072fcc336030d66834872f0328727e3b8de289c662faa04aa270e/pydantic_core-2.41.4-graalpy312-graalpy250_312_native-manylinux_2_17_aarch64.manylinux2014_aarch64.whl", hash = "sha256:e4dab9484ec605c3016df9ad4fd4f9a390bc5d816a3b10c6550f8424bb80b18c", size = 1951495, upload-time = "2025-10-14T10:23:02.089Z" },
    { url = "https://files.pythonhosted.org/packages/2b/c6/db8d13a1f8ab3f1eb08c88bd00fd62d44311e3456d1e85c0e59e0a0376e7/pydantic_core-2.41.4-graalpy312-graalpy250_312_native-manylinux_2_17_x86_64.manylinux2014_x86_64.whl", hash = "sha256:bd8a5028425820731d8c6c098ab642d7b8b999758e24acae03ed38a66eca8335", size = 2139008, upload-time = "2025-10-14T10:23:04.539Z" },
]

[[package]]
name = "pydantic-settings"
version = "2.11.0"
source = { registry = "https://pypi.org/simple" }
dependencies = [
    { name = "pydantic" },
    { name = "python-dotenv" },
    { name = "typing-inspection" },
]
sdist = { url = "https://files.pythonhosted.org/packages/20/c5/dbbc27b814c71676593d1c3f718e6cd7d4f00652cefa24b75f7aa3efb25e/pydantic_settings-2.11.0.tar.gz", hash = "sha256:d0e87a1c7d33593beb7194adb8470fc426e95ba02af83a0f23474a04c9a08180", size = 188394, upload-time = "2025-09-24T14:19:11.764Z" }
wheels = [
    { url = "https://files.pythonhosted.org/packages/83/d6/887a1ff844e64aa823fb4905978d882a633cfe295c32eacad582b78a7d8b/pydantic_settings-2.11.0-py3-none-any.whl", hash = "sha256:fe2cea3413b9530d10f3a5875adffb17ada5c1e1bab0b2885546d7310415207c", size = 48608, upload-time = "2025-09-24T14:19:10.015Z" },
]

[[package]]
name = "pygments"
version = "2.19.2"
source = { registry = "https://pypi.org/simple" }
sdist = { url = "https://files.pythonhosted.org/packages/b0/77/a5b8c569bf593b0140bde72ea885a803b82086995367bf2037de0159d924/pygments-2.19.2.tar.gz", hash = "sha256:636cb2477cec7f8952536970bc533bc43743542f70392ae026374600add5b887", size = 4968631, upload-time = "2025-06-21T13:39:12.283Z" }
wheels = [
    { url = "https://files.pythonhosted.org/packages/c7/21/705964c7812476f378728bdf590ca4b771ec72385c533964653c68e86bdc/pygments-2.19.2-py3-none-any.whl", hash = "sha256:86540386c03d588bb81d44bc3928634ff26449851e99741617ecb9037ee5ec0b", size = 1225217, upload-time = "2025-06-21T13:39:07.939Z" },
]

[[package]]
name = "pytest"
version = "8.4.2"
source = { registry = "https://pypi.org/simple" }
dependencies = [
    { name = "colorama", marker = "sys_platform == 'win32'" },
    { name = "iniconfig" },
    { name = "packaging" },
    { name = "pluggy" },
    { name = "pygments" },
]
sdist = { url = "https://files.pythonhosted.org/packages/a3/5c/00a0e072241553e1a7496d638deababa67c5058571567b92a7eaa258397c/pytest-8.4.2.tar.gz", hash = "sha256:86c0d0b93306b961d58d62a4db4879f27fe25513d4b969df351abdddb3c30e01", size = 1519618, upload-time = "2025-09-04T14:34:22.711Z" }
wheels = [
    { url = "https://files.pythonhosted.org/packages/a8/a4/20da314d277121d6534b3a980b29035dcd51e6744bd79075a6ce8fa4eb8d/pytest-8.4.2-py3-none-any.whl", hash = "sha256:872f880de3fc3a5bdc88a11b39c9710c3497a547cfa9320bc3c5e62fbf272e79", size = 365750, upload-time = "2025-09-04T14:34:20.226Z" },
]

[[package]]
name = "python-dotenv"
version = "1.2.1"
source = { registry = "https://pypi.org/simple" }
sdist = { url = "https://files.pythonhosted.org/packages/f0/26/19cadc79a718c5edbec86fd4919a6b6d3f681039a2f6d66d14be94e75fb9/python_dotenv-1.2.1.tar.gz", hash = "sha256:42667e897e16ab0d66954af0e60a9caa94f0fd4ecf3aaf6d2d260eec1aa36ad6", size = 44221, upload-time = "2025-10-26T15:12:10.434Z" }
wheels = [
    { url = "https://files.pythonhosted.org/packages/14/1b/a298b06749107c305e1fe0f814c6c74aea7b2f1e10989cb30f544a1b3253/python_dotenv-1.2.1-py3-none-any.whl", hash = "sha256:b81ee9561e9ca4004139c6cbba3a238c32b03e4894671e181b671e8cb8425d61", size = 21230, upload-time = "2025-10-26T15:12:09.109Z" },
]

[[package]]
name = "ruff"
version = "0.14.2"
source = { registry = "https://pypi.org/simple" }
sdist = { url = "https://files.pythonhosted.org/packages/ee/34/8218a19b2055b80601e8fd201ec723c74c7fe1ca06d525a43ed07b6d8e85/ruff-0.14.2.tar.gz", hash = "sha256:98da787668f239313d9c902ca7c523fe11b8ec3f39345553a51b25abc4629c96", size = 5539663, upload-time = "2025-10-23T19:37:00.956Z" }
wheels = [
    { url = "https://files.pythonhosted.org/packages/16/dd/23eb2db5ad9acae7c845700493b72d3ae214dce0b226f27df89216110f2b/ruff-0.14.2-py3-none-linux_armv6l.whl", hash = "sha256:7cbe4e593505bdec5884c2d0a4d791a90301bc23e49a6b1eb642dd85ef9c64f1", size = 12533390, upload-time = "2025-10-23T19:36:18.044Z" },
    { url = "https://files.pythonhosted.org/packages/5a/8c/5f9acff43ddcf3f85130d0146d0477e28ccecc495f9f684f8f7119b74c0d/ruff-0.14.2-py3-none-macosx_10_12_x86_64.whl", hash = "sha256:8d54b561729cee92f8d89c316ad7a3f9705533f5903b042399b6ae0ddfc62e11", size = 12887187, upload-time = "2025-10-23T19:36:22.664Z" },
    { url = "https://files.pythonhosted.org/packages/99/fa/047646491479074029665022e9f3dc6f0515797f40a4b6014ea8474c539d/ruff-0.14.2-py3-none-macosx_11_0_arm64.whl", hash = "sha256:5c8753dfa44ebb2cde10ce5b4d2ef55a41fb9d9b16732a2c5df64620dbda44a3", size = 11925177, upload-time = "2025-10-23T19:36:24.778Z" },
    { url = "https://files.pythonhosted.org/packages/15/8b/c44cf7fe6e59ab24a9d939493a11030b503bdc2a16622cede8b7b1df0114/ruff-0.14.2-py3-none-manylinux_2_17_aarch64.manylinux2014_aarch64.whl", hash = "sha256:3d0bbeffb8d9f4fccf7b5198d566d0bad99a9cb622f1fc3467af96cb8773c9e3", size = 12358285, upload-time = "2025-10-23T19:36:26.979Z" },
    { url = "https://files.pythonhosted.org/packages/45/01/47701b26254267ef40369aea3acb62a7b23e921c27372d127e0f3af48092/ruff-0.14.2-py3-none-manylinux_2_17_armv7l.manylinux2014_armv7l.whl", hash = "sha256:7047f0c5a713a401e43a88d36843d9c83a19c584e63d664474675620aaa634a8", size = 12303832, upload-time = "2025-10-23T19:36:29.192Z" },
    { url = "https://files.pythonhosted.org/packages/2d/5c/ae7244ca4fbdf2bee9d6405dcd5bc6ae51ee1df66eb7a9884b77b8af856d/ruff-0.14.2-py3-none-manylinux_2_17_i686.manylinux2014_i686.whl", hash = "sha256:3bf8d2f9aa1602599217d82e8e0af7fd33e5878c4d98f37906b7c93f46f9a839", size = 13036995, upload-time = "2025-10-23T19:36:31.861Z" },
    { url = "https://files.pythonhosted.org/packages/27/4c/0860a79ce6fd4c709ac01173f76f929d53f59748d0dcdd662519835dae43/ruff-0.14.2-py3-none-manylinux_2_17_ppc64.manylinux2014_ppc64.whl", hash = "sha256:1c505b389e19c57a317cf4b42db824e2fca96ffb3d86766c1c9f8b96d32048a7", size = 14512649, upload-time = "2025-10-23T19:36:33.915Z" },
    { url = "https://files.pythonhosted.org/packages/7f/7f/d365de998069720a3abfc250ddd876fc4b81a403a766c74ff9bde15b5378/ruff-0.14.2-py3-none-manylinux_2_17_ppc64le.manylinux2014_ppc64le.whl", hash = "sha256:a307fc45ebd887b3f26b36d9326bb70bf69b01561950cdcc6c0bdf7bb8e0f7cc", size = 14088182, upload-time = "2025-10-23T19:36:36.983Z" },
    { url = "https://files.pythonhosted.org/packages/6c/ea/d8e3e6b209162000a7be1faa41b0a0c16a133010311edc3329753cc6596a/ruff-0.14.2-py3-none-manylinux_2_17_s390x.manylinux2014_s390x.whl", hash = "sha256:61ae91a32c853172f832c2f40bd05fd69f491db7289fb85a9b941ebdd549781a", size = 13599516, upload-time = "2025-10-23T19:36:39.208Z" },
    { url = "https://files.pythonhosted.org/packages/fa/ea/c7810322086db68989fb20a8d5221dd3b79e49e396b01badca07b433ab45/ruff-0.14.2-py3-none-manylinux_2_17_x86_64.manylinux2014_x86_64.whl", hash = "sha256:bc1967e40286f63ee23c615e8e7e98098dedc7301568bd88991f6e544d8ae096", size = 13272690, upload-time = "2025-10-23T19:36:41.453Z" },
    { url = "https://files.pythonhosted.org/packages/a9/39/10b05acf8c45786ef501d454e00937e1b97964f846bf28883d1f9619928a/ruff-0.14.2-py3-none-manylinux_2_31_riscv64.whl", hash = "sha256:2877f02119cdebf52a632d743a2e302dea422bfae152ebe2f193d3285a3a65df", size = 13496497, upload-time = "2025-10-23T19:36:43.61Z" },
    { url = "https://files.pythonhosted.org/packages/59/a1/1f25f8301e13751c30895092485fada29076e5e14264bdacc37202e85d24/ruff-0.14.2-py3-none-musllinux_1_2_aarch64.whl", hash = "sha256:e681c5bc777de5af898decdcb6ba3321d0d466f4cb43c3e7cc2c3b4e7b843a05", size = 12266116, upload-time = "2025-10-23T19:36:45.625Z" },
    { url = "https://files.pythonhosted.org/packages/5c/fa/0029bfc9ce16ae78164e6923ef392e5f173b793b26cc39aa1d8b366cf9dc/ruff-0.14.2-py3-none-musllinux_1_2_armv7l.whl", hash = "sha256:e21be42d72e224736f0c992cdb9959a2fa53c7e943b97ef5d081e13170e3ffc5", size = 12281345, upload-time = "2025-10-23T19:36:47.618Z" },
    { url = "https://files.pythonhosted.org/packages/a5/ab/ece7baa3c0f29b7683be868c024f0838770c16607bea6852e46b202f1ff6/ruff-0.14.2-py3-none-musllinux_1_2_i686.whl", hash = "sha256:b8264016f6f209fac16262882dbebf3f8be1629777cf0f37e7aff071b3e9b92e", size = 12629296, upload-time = "2025-10-23T19:36:49.789Z" },
    { url = "https://files.pythonhosted.org/packages/a4/7f/638f54b43f3d4e48c6a68062794e5b367ddac778051806b9e235dfb7aa81/ruff-0.14.2-py3-none-musllinux_1_2_x86_64.whl", hash = "sha256:5ca36b4cb4db3067a3b24444463ceea5565ea78b95fe9a07ca7cb7fd16948770", size = 13371610, upload-time = "2025-10-23T19:36:51.882Z" },
    { url = "https://files.pythonhosted.org/packages/8d/35/3654a973ebe5b32e1fd4a08ed2d46755af7267da7ac710d97420d7b8657d/ruff-0.14.2-py3-none-win32.whl", hash = "sha256:41775927d287685e08f48d8eb3f765625ab0b7042cc9377e20e64f4eb0056ee9", size = 12415318, upload-time = "2025-10-23T19:36:53.961Z" },
    { url = "https://files.pythonhosted.org/packages/71/30/3758bcf9e0b6a4193a6f51abf84254aba00887dfa8c20aba18aa366c5f57/ruff-0.14.2-py3-none-win_amd64.whl", hash = "sha256:0df3424aa5c3c08b34ed8ce099df1021e3adaca6e90229273496b839e5a7e1af", size = 13565279, upload-time = "2025-10-23T19:36:56.578Z" },
    { url = "https://files.pythonhosted.org/packages/2e/5d/aa883766f8ef9ffbe6aa24f7192fb71632f31a30e77eb39aa2b0dc4290ac/ruff-0.14.2-py3-none-win_arm64.whl", hash = "sha256:ea9d635e83ba21569fbacda7e78afbfeb94911c9434aff06192d9bc23fd5495a", size = 12554956, upload-time = "2025-10-23T19:36:58.714Z" },
]

[[package]]
name = "taranis-models"
source = { editable = "." }
dependencies = [
    { name = "langcodes" },
    { name = "pydantic" },
    { name = "pydantic-settings" },
    { name = "python-dotenv" },
]

[package.optional-dependencies]
dev = [
    { name = "pytest" },
    { name = "ruff" },
    { name = "wheel" },
]

[package.metadata]
requires-dist = [
    { name = "langcodes" },
    { name = "pydantic" },
    { name = "pydantic-settings" },
    { name = "pytest", marker = "extra == 'dev'" },
    { name = "python-dotenv" },
    { name = "ruff", marker = "extra == 'dev'" },
    { name = "wheel", marker = "extra == 'dev'" },
]
provides-extras = ["dev"]

[[package]]
name = "typing-extensions"
version = "4.15.0"
source = { registry = "https://pypi.org/simple" }
sdist = { url = "https://files.pythonhosted.org/packages/72/94/1a15dd82efb362ac84269196e94cf00f187f7ed21c242792a923cdb1c61f/typing_extensions-4.15.0.tar.gz", hash = "sha256:0cea48d173cc12fa28ecabc3b837ea3cf6f38c6d1136f85cbaaf598984861466", size = 109391, upload-time = "2025-08-25T13:49:26.313Z" }
wheels = [
    { url = "https://files.pythonhosted.org/packages/18/67/36e9267722cc04a6b9f15c7f3441c2363321a3ea07da7ae0c0707beb2a9c/typing_extensions-4.15.0-py3-none-any.whl", hash = "sha256:f0fa19c6845758ab08074a0cfa8b7aecb71c999ca73d62883bc25cc018c4e548", size = 44614, upload-time = "2025-08-25T13:49:24.86Z" },
]

[[package]]
name = "typing-inspection"
version = "0.4.2"
source = { registry = "https://pypi.org/simple" }
dependencies = [
    { name = "typing-extensions" },
]
sdist = { url = "https://files.pythonhosted.org/packages/55/e3/70399cb7dd41c10ac53367ae42139cf4b1ca5f36bb3dc6c9d33acdb43655/typing_inspection-0.4.2.tar.gz", hash = "sha256:ba561c48a67c5958007083d386c3295464928b01faa735ab8547c5692e87f464", size = 75949, upload-time = "2025-10-01T02:14:41.687Z" }
wheels = [
    { url = "https://files.pythonhosted.org/packages/dc/9b/47798a6c91d8bdb567fe2698fe81e0c6b7cb7ef4d13da4114b41d239f65d/typing_inspection-0.4.2-py3-none-any.whl", hash = "sha256:4ed1cacbdc298c220f1bd249ed5287caa16f34d44ef4e9c3d0cbad5b521545e7", size = 14611, upload-time = "2025-10-01T02:14:40.154Z" },
]

[[package]]
name = "wheel"
version = "0.45.1"
source = { registry = "https://pypi.org/simple" }
sdist = { url = "https://files.pythonhosted.org/packages/8a/98/2d9906746cdc6a6ef809ae6338005b3f21bb568bea3165cfc6a243fdc25c/wheel-0.45.1.tar.gz", hash = "sha256:661e1abd9198507b1409a20c02106d9670b2576e916d58f520316666abca6729", size = 107545, upload-time = "2024-11-23T00:18:23.513Z" }
wheels = [
    { url = "https://files.pythonhosted.org/packages/0b/2c/87f3254fd8ffd29e4c02732eee68a83a1d3c346ae39bc6822dcbcb697f2b/wheel-0.45.1-py3-none-any.whl", hash = "sha256:708e7481cc80179af0e556bbf0cc00b8444c7321e2700b8d8580231d13017248", size = 72494, upload-time = "2024-11-23T00:18:21.207Z" },
]
